
Microsoft Visual Studio Solution File, Format Version 12.00
# Visual Studio 15
VisualStudioVersion = 15.0.28307.168
MinimumVisualStudioVersion = 10.0.40219.1
Project("{9A19103F-16F7-4668-BE54-9A1E7A4F7556}") = "ReactSSR", "ReactSSR.csproj", "{68EDA8C5-64DB-4A16-A73A-5890E4D20994}"
EndProject
Global
	GlobalSection(SolutionConfigurationPlatforms) = preSolution
		Debug|Any CPU = Debug|Any CPU
		Release|Any CPU = Release|Any CPU
	EndGlobalSection
	GlobalSection(ProjectConfigurationPlatforms) = postSolution
		{68EDA8C5-64DB-4A16-A73A-5890E4D20994}.Debug|Any CPU.ActiveCfg = Debug|Any CPU
		{68EDA8C5-64DB-4A16-A73A-5890E4D20994}.Debug|Any CPU.Build.0 = Debug|Any CPU
		{68EDA8C5-64DB-4A16-A73A-5890E4D20994}.Release|Any CPU.ActiveCfg = Release|Any CPU
		{68EDA8C5-64DB-4A16-A73A-5890E4D20994}.Release|Any CPU.Build.0 = Release|Any CPU
	EndGlobalSection
	GlobalSection(SolutionProperties) = preSolution
		HideSolutionNode = FALSE
	EndGlobalSection
	GlobalSection(ExtensibilityGlobals) = postSolution
		SolutionGuid = {6377AB53-53B6-47E1-A469-2FD4F26DE747}
	EndGlobalSection
EndGlobal
